
Microsoft Visual Studio Solution File, Format Version 11.00
# Visual Studio 2010
Project("{FAE04EC0-301F-11D3-BF4B-00C04F79EFBC}") = "LivingDevAgent.Editor", "LivingDevAgent.Editor.csproj", "{F0B009C0-72FE-B649-26F7-F39F957DF442}"
EndProject
Project("{FAE04EC0-301F-11D3-BF4B-00C04F79EFBC}") = "LivingDevAgent.Runtime", "LivingDevAgent.Runtime.csproj", "{486CFBEB-4247-FA6D-C81D-60B638A4D46D}"
EndProject
Project("{FAE04EC0-301F-11D3-BF4B-00C04F79EFBC}") = "Assembly-CSharp-Editor", "Assembly-CSharp-Editor.csproj", "{2DC5D84E-1B7F-05C1-E5A2-E4667686A319}"
EndProject
Project("{FAE04EC0-301F-11D3-BF4B-00C04F79EFBC}") = "Assembly-CSharp", "Assembly-CSharp.csproj", "{04EECA9C-2F4D-5D93-53DB-85EA2C3390C7}"
EndProject
Project("{FAE04EC0-301F-11D3-BF4B-00C04F79EFBC}") = "TWG.SteamBridge", "TWG.SteamBridge.csproj", "{4753A5F6-0BDD-8107-A23A-B084D3D3E188}"
EndProject
Project("{FAE04EC0-301F-11D3-BF4B-00C04F79EFBC}") = "TWG.TLDA.TestSuite.Editor", "TWG.TLDA.TestSuite.Editor.csproj", "{1FD84DA3-5B5A-CC8A-1A30-C4C7199DB76A}"
EndProject
Project("{FAE04EC0-301F-11D3-BF4B-00C04F79EFBC}") = "LivingDevAgent.Runtime", "LivingDevAgent.Runtime.Player.csproj", "{EE6AE2A0-1346-A00C-EF9E-B0F2D80B0F6C}"
EndProject
Project("{FAE04EC0-301F-11D3-BF4B-00C04F79EFBC}") = "Assembly-CSharp", "Assembly-CSharp.Player.csproj", "{82AE5EBA-D5A3-7397-CABF-FD3E1D938243}"
EndProject
Project("{FAE04EC0-301F-11D3-BF4B-00C04F79EFBC}") = "TWG.SteamBridge", "TWG.SteamBridge.Player.csproj", "{67B89E44-C224-ED9E-E95F-9995F2EA560E}"
EndProject
Project("{FAE04EC0-301F-11D3-BF4B-00C04F79EFBC}") = "Assembly-CSharp-firstpass", "Assembly-CSharp-firstpass.csproj", "{F38ABCAB-A823-637C-9A36-71C2C3ACC497}"
EndProject
Project("{FAE04EC0-301F-11D3-BF4B-00C04F79EFBC}") = "TypeDependencyCacheTestAssembly", "TypeDependencyCacheTestAssembly.csproj", "{49F99BE8-95B2-2D5A-5AA2-82ADE7BD7A9A}"
EndProject
Project("{FAE04EC0-301F-11D3-BF4B-00C04F79EFBC}") = "DocCodeSamples", "DocCodeSamples.csproj", "{D2133B55-20D5-1804-EECD-3D3B0959A684}"
EndProject
Global
	GlobalSection(SolutionConfigurationPlatforms) = preSolution
		Debug|Any CPU = Debug|Any CPU
	EndGlobalSection
	GlobalSection(ProjectConfigurationPlatforms) = postSolution
		{f0b009c0-72fe-b649-26f7-f39f957df442}.Debug|Any CPU.ActiveCfg = Debug|Any CPU
		{f0b009c0-72fe-b649-26f7-f39f957df442}.Debug|Any CPU.Build.0 = Debug|Any CPU
		{486cfbeb-4247-fa6d-c81d-60b638a4d46d}.Debug|Any CPU.ActiveCfg = Debug|Any CPU
		{486cfbeb-4247-fa6d-c81d-60b638a4d46d}.Debug|Any CPU.Build.0 = Debug|Any CPU
		{2dc5d84e-1b7f-05c1-e5a2-e4667686a319}.Debug|Any CPU.ActiveCfg = Debug|Any CPU
		{2dc5d84e-1b7f-05c1-e5a2-e4667686a319}.Debug|Any CPU.Build.0 = Debug|Any CPU
		{04eeca9c-2f4d-5d93-53db-85ea2c3390c7}.Debug|Any CPU.ActiveCfg = Debug|Any CPU
		{04eeca9c-2f4d-5d93-53db-85ea2c3390c7}.Debug|Any CPU.Build.0 = Debug|Any CPU
		{4753a5f6-0bdd-8107-a23a-b084d3d3e188}.Debug|Any CPU.ActiveCfg = Debug|Any CPU
		{4753a5f6-0bdd-8107-a23a-b084d3d3e188}.Debug|Any CPU.Build.0 = Debug|Any CPU
		{1fd84da3-5b5a-cc8a-1a30-c4c7199db76a}.Debug|Any CPU.ActiveCfg = Debug|Any CPU
		{1fd84da3-5b5a-cc8a-1a30-c4c7199db76a}.Debug|Any CPU.Build.0 = Debug|Any CPU
		{ee6ae2a0-1346-a00c-ef9e-b0f2d80b0f6c}.Debug|Any CPU.ActiveCfg = Debug|Any CPU
		{ee6ae2a0-1346-a00c-ef9e-b0f2d80b0f6c}.Debug|Any CPU.Build.0 = Debug|Any CPU
		{82ae5eba-d5a3-7397-cabf-fd3e1d938243}.Debug|Any CPU.ActiveCfg = Debug|Any CPU
		{82ae5eba-d5a3-7397-cabf-fd3e1d938243}.Debug|Any CPU.Build.0 = Debug|Any CPU
		{67b89e44-c224-ed9e-e95f-9995f2ea560e}.Debug|Any CPU.ActiveCfg = Debug|Any CPU
		{67b89e44-c224-ed9e-e95f-9995f2ea560e}.Debug|Any CPU.Build.0 = Debug|Any CPU
		{f38abcab-a823-637c-9a36-71c2c3acc497}.Debug|Any CPU.ActiveCfg = Debug|Any CPU
		{f38abcab-a823-637c-9a36-71c2c3acc497}.Debug|Any CPU.Build.0 = Debug|Any CPU
		{49f99be8-95b2-2d5a-5aa2-82ade7bd7a9a}.Debug|Any CPU.ActiveCfg = Debug|Any CPU
		{49f99be8-95b2-2d5a-5aa2-82ade7bd7a9a}.Debug|Any CPU.Build.0 = Debug|Any CPU
		{d2133b55-20d5-1804-eecd-3d3b0959a684}.Debug|Any CPU.ActiveCfg = Debug|Any CPU
		{d2133b55-20d5-1804-eecd-3d3b0959a684}.Debug|Any CPU.Build.0 = Debug|Any CPU
	EndGlobalSection
	GlobalSection(SolutionProperties) = preSolution
		HideSolutionNode = FALSE
	EndGlobalSection
EndGlobal
